
Microsoft Visual Studio Solution File, Format Version 12.00
# Visual Studio 15
VisualStudioVersion = 15.0.28307.572
MinimumVisualStudioVersion = 10.0.40219.1
Project("{9A19103F-16F7-4668-BE54-9A1E7A4F7556}") = "Wigor.WeChat.PushSubscribeMessage", "Wigor.WeChat.PushSubscribeMessage\Wigor.WeChat.PushSubscribeMessage.csproj", "{1FBA4DC9-18A8-47B4-8513-D09C12713298}"
EndProject
Global
	GlobalSection(SolutionConfigurationPlatforms) = preSolution
		Debug|Any CPU = Debug|Any CPU
		Release|Any CPU = Release|Any CPU
	EndGlobalSection
	GlobalSection(ProjectConfigurationPlatforms) = postSolution
		{1FBA4DC9-18A8-47B4-8513-D09C12713298}.Debug|Any CPU.ActiveCfg = Debug|Any CPU
		{1FBA4DC9-18A8-47B4-8513-D09C12713298}.Debug|Any CPU.Build.0 = Debug|Any CPU
		{1FBA4DC9-18A8-47B4-8513-D09C12713298}.Release|Any CPU.ActiveCfg = Release|Any CPU
		{1FBA4DC9-18A8-47B4-8513-D09C12713298}.Release|Any CPU.Build.0 = Release|Any CPU
	EndGlobalSection
	GlobalSection(SolutionProperties) = preSolution
		HideSolutionNode = FALSE
	EndGlobalSection
	GlobalSection(ExtensibilityGlobals) = postSolution
		SolutionGuid = {896D6629-2204-47E5-BDBF-C4DC236DCA13}
	EndGlobalSection
EndGlobal
